
Microsoft Visual Studio Solution File, Format Version 12.00
# Visual Studio 2013
VisualStudioVersion = 12.0.31101.0
MinimumVisualStudioVersion = 10.0.40219.1
Project("{FAE04EC0-301F-11D3-BF4B-00C04F79EFBC}") = "Uprajnenie1", "Uprajnenie1\Uprajnenie1.csproj", "{737C48EA-32F0-4F9A-B91A-9424E635588B}"
EndProject
Global
	GlobalSection(SolutionConfigurationPlatforms) = preSolution
		Debug|Any CPU = Debug|Any CPU
		Release|Any CPU = Release|Any CPU
	EndGlobalSection
	GlobalSection(ProjectConfigurationPlatforms) = postSolution
		{737C48EA-32F0-4F9A-B91A-9424E635588B}.Debug|Any CPU.ActiveCfg = Debug|Any CPU
		{737C48EA-32F0-4F9A-B91A-9424E635588B}.Debug|Any CPU.Build.0 = Debug|Any CPU
		{737C48EA-32F0-4F9A-B91A-9424E635588B}.Release|Any CPU.ActiveCfg = Release|Any CPU
		{737C48EA-32F0-4F9A-B91A-9424E635588B}.Release|Any CPU.Build.0 = Release|Any CPU
	EndGlobalSection
	GlobalSection(SolutionProperties) = preSolution
		HideSolutionNode = FALSE
	EndGlobalSection
EndGlobal
