
Microsoft Visual Studio Solution File, Format Version 12.00
# Visual Studio 2013
VisualStudioVersion = 12.0.31101.0
MinimumVisualStudioVersion = 10.0.40219.1
Project("{FAE04EC0-301F-11D3-BF4B-00C04F79EFBC}") = "ForumPost", "ForumPost\ForumPost.csproj", "{8188EAC8-0687-4C5B-9158-CB74F5DEA7D1}"
EndProject
Project("{FAE04EC0-301F-11D3-BF4B-00C04F79EFBC}") = "WebGallery", "WebGallery\WebGallery.csproj", "{51A23C2B-6CE0-4406-B1A6-3BBF89C890EA}"
EndProject
Global
	GlobalSection(SolutionConfigurationPlatforms) = preSolution
		Debug|Any CPU = Debug|Any CPU
		Release|Any CPU = Release|Any CPU
	EndGlobalSection
	GlobalSection(ProjectConfigurationPlatforms) = postSolution
		{8188EAC8-0687-4C5B-9158-CB74F5DEA7D1}.Debug|Any CPU.ActiveCfg = Debug|Any CPU
		{8188EAC8-0687-4C5B-9158-CB74F5DEA7D1}.Debug|Any CPU.Build.0 = Debug|Any CPU
		{8188EAC8-0687-4C5B-9158-CB74F5DEA7D1}.Release|Any CPU.ActiveCfg = Release|Any CPU
		{8188EAC8-0687-4C5B-9158-CB74F5DEA7D1}.Release|Any CPU.Build.0 = Release|Any CPU
		{51A23C2B-6CE0-4406-B1A6-3BBF89C890EA}.Debug|Any CPU.ActiveCfg = Debug|Any CPU
		{51A23C2B-6CE0-4406-B1A6-3BBF89C890EA}.Debug|Any CPU.Build.0 = Debug|Any CPU
		{51A23C2B-6CE0-4406-B1A6-3BBF89C890EA}.Release|Any CPU.ActiveCfg = Release|Any CPU
		{51A23C2B-6CE0-4406-B1A6-3BBF89C890EA}.Release|Any CPU.Build.0 = Release|Any CPU
	EndGlobalSection
	GlobalSection(SolutionProperties) = preSolution
		HideSolutionNode = FALSE
	EndGlobalSection
EndGlobal
